Microsoft Visual Studio Solution File, Format Version 12.00
# Visual Studio Version 17
VisualStudioVersion = 17.5.2.0
MinimumVisualStudioVersion = 10.0.40219.1
Project("{FAE04EC0-301F-11D3-BF4B-00C04F79EFBC}") = "Projeto Ursos", "Projeto Ursos.csproj", "{7EE7A058-C74E-A5BE-1CFD-1E1E382CFCAB}"
EndProject
Global
	GlobalSection(SolutionConfigurationPlatforms) = preSolution
		Debug|Any CPU = Debug|Any CPU
		Release|Any CPU = Release|Any CPU
	EndGlobalSection
	GlobalSection(ProjectConfigurationPlatforms) = postSolution
		{7EE7A058-C74E-A5BE-1CFD-1E1E382CFCAB}.Debug|Any CPU.ActiveCfg = Debug|Any CPU
		{7EE7A058-C74E-A5BE-1CFD-1E1E382CFCAB}.Debug|Any CPU.Build.0 = Debug|Any CPU
		{7EE7A058-C74E-A5BE-1CFD-1E1E382CFCAB}.Release|Any CPU.ActiveCfg = Release|Any CPU
		{7EE7A058-C74E-A5BE-1CFD-1E1E382CFCAB}.Release|Any CPU.Build.0 = Release|Any CPU
	EndGlobalSection
	GlobalSection(SolutionProperties) = preSolution
		HideSolutionNode = FALSE
	EndGlobalSection
	GlobalSection(ExtensibilityGlobals) = postSolution
		SolutionGuid = {2D2EC70A-FA79-47E8-B995-15C85E69CB99}
	EndGlobalSection
EndGlobal
